
Microsoft Visual Studio Solution File, Format Version 12.00
# Visual Studio 2012
Project("{FAE04EC0-301F-11D3-BF4B-00C04F79EFBC}") = "MebOsTheme", "MebOsTheme\MebOsTheme.csproj", "{A7E03F43-C90C-4AD7-8E8D-E117F54EF260}"
EndProject
Project("{FAE04EC0-301F-11D3-BF4B-00C04F79EFBC}") = "MebOsTheme_Test", "MebOsTheme_Test\MebOsTheme_Test.csproj", "{CD7199A4-8620-4897-AF4A-13E24F390325}"
EndProject
Global
	GlobalSection(SolutionConfigurationPlatforms) = preSolution
		Debug|Any CPU = Debug|Any CPU
		Release|Any CPU = Release|Any CPU
	EndGlobalSection
	GlobalSection(ProjectConfigurationPlatforms) = postSolution
		{A7E03F43-C90C-4AD7-8E8D-E117F54EF260}.Debug|Any CPU.ActiveCfg = Debug|Any CPU
		{A7E03F43-C90C-4AD7-8E8D-E117F54EF260}.Debug|Any CPU.Build.0 = Debug|Any CPU
		{A7E03F43-C90C-4AD7-8E8D-E117F54EF260}.Release|Any CPU.ActiveCfg = Release|Any CPU
		{A7E03F43-C90C-4AD7-8E8D-E117F54EF260}.Release|Any CPU.Build.0 = Release|Any CPU
		{CD7199A4-8620-4897-AF4A-13E24F390325}.Debug|Any CPU.ActiveCfg = Debug|Any CPU
		{CD7199A4-8620-4897-AF4A-13E24F390325}.Debug|Any CPU.Build.0 = Debug|Any CPU
		{CD7199A4-8620-4897-AF4A-13E24F390325}.Release|Any CPU.ActiveCfg = Release|Any CPU
		{CD7199A4-8620-4897-AF4A-13E24F390325}.Release|Any CPU.Build.0 = Release|Any CPU
	EndGlobalSection
EndGlobal
